// !$*UTF8*$!
{
	archiveVersion = 1;
	classes = {
	};
	objectVersion = 51;
	objects = {

/* Begin PBXBuildFile section */
		240056E7EBE105DEEE63DD5C /* Pods_comics.framework in Frameworks */ = {isa = PBXBuildFile; fileRef = AD3859EB920C98EE3557E5C1 /* Pods_comics.framework */; };
		6A3C35E6F4BF75605BA52976 /* ComicDetail.swift in Sources */ = {isa = PBXBuildFile; fileRef = 6A3C3DC670F4638FFA6A34CD /* ComicDetail.swift */; };
		6A3C3DA0BA29466D145883AD /* README.md in Sources */ = {isa = PBXBuildFile; fileRef = 6A3C3C203A98790BCA64EB6B /* README.md */; };
		6AC4CE83E9B898E6CC717522 /* Pods_comicsTests.framework in Frameworks */ = {isa = PBXBuildFile; fileRef = 7F2AA853962074A6508AC403 /* Pods_comicsTests.framework */; };
		800C901D25D95CD30026280D /* VCComicDetail.swift in Sources */ = {isa = PBXBuildFile; fileRef = 800C901C25D95CD30026280D /* VCComicDetail.swift */; };
		800C902D25D9D6290026280D /* ComicDetailInteractor.swift in Sources */ = {isa = PBXBuildFile; fileRef = 800C902C25D9D6290026280D /* ComicDetailInteractor.swift */; };
		800C903225D9D6EF0026280D /* Comic.swift in Sources */ = {isa = PBXBuildFile; fileRef = 800C903125D9D6EF0026280D /* Comic.swift */; };
		8088F9A825D869270033A3F9 /* ComicService.swift in Sources */ = {isa = PBXBuildFile; fileRef = 8088F9A725D869270033A3F9 /* ComicService.swift */; };
		80CB2DBA25D7CF8800E66945 /* AppDelegate.swift in Sources */ = {isa = PBXBuildFile; fileRef = 80CB2DB925D7CF8800E66945 /* AppDelegate.swift */; };
		80CB2DBC25D7CF8800E66945 /* SceneDelegate.swift in Sources */ = {isa = PBXBuildFile; fileRef = 80CB2DBB25D7CF8800E66945 /* SceneDelegate.swift */; };
		80CB2DBE25D7CF8800E66945 /* VCComicSearch.swift in Sources */ = {isa = PBXBuildFile; fileRef = 80CB2DBD25D7CF8800E66945 /* VCComicSearch.swift */; };
		80CB2DC125D7CF8800E66945 /* Main.storyboard in Resources */ = {isa = PBXBuildFile; fileRef = 80CB2DBF25D7CF8800E66945 /* Main.storyboard */; };
		80CB2DC325D7CF8A00E66945 /* Assets.xcassets in Resources */ = {isa = PBXBuildFile; fileRef = 80CB2DC225D7CF8A00E66945 /* Assets.xcassets */; };
		80CB2DC625D7CF8A00E66945 /* LaunchScreen.storyboard in Resources */ = {isa = PBXBuildFile; fileRef = 80CB2DC425D7CF8A00E66945 /* LaunchScreen.storyboard */; };
		80CB2DD125D7CF8A00E66945 /* comicsTests.swift in Sources */ = {isa = PBXBuildFile; fileRef = 80CB2DD025D7CF8A00E66945 /* comicsTests.swift */; };
		80CB2DDC25D7CF8A00E66945 /* comicsUITests.swift in Sources */ = {isa = PBXBuildFile; fileRef = 80CB2DDB25D7CF8A00E66945 /* comicsUITests.swift */; };
		C0B3A8D0EFDB15218D6C536D /* Pods_comics_comicsUITests.framework in Frameworks */ = {isa = PBXBuildFile; fileRef = 5CD2E7FB280967AC77812948 /* Pods_comics_comicsUITests.framework */; };
/* End PBXBuildFile section */

/* Begin PBXContainerItemProxy section */
		80CB2DCD25D7CF8A00E66945 /* PBXContainerItemProxy */ = {
			isa = PBXContainerItemProxy;
			containerPortal = 80CB2DAE25D7CF8800E66945 /* Project object */;
			proxyType = 1;
			remoteGlobalIDString = 80CB2DB525D7CF8800E66945;
			remoteInfo = comics;
		};
		80CB2DD825D7CF8A00E66945 /* PBXContainerItemProxy */ = {
			isa = PBXContainerItemProxy;
			containerPortal = 80CB2DAE25D7CF8800E66945 /* Project object */;
			proxyType = 1;
			remoteGlobalIDString = 80CB2DB525D7CF8800E66945;
			remoteInfo = comics;
		};
/* End PBXContainerItemProxy section */

/* Begin PBXFileReference section */
		341E450BBE464987A70DD5C0 /* Pods-comics-comicsUITests.debug.xcconfig */ = {isa = PBXFileReference; includeInIndex = 1; lastKnownFileType = text.xcconfig; name = "Pods-comics-comicsUITests.debug.xcconfig"; path = "Target Support Files/Pods-comics-comicsUITests/Pods-comics-comicsUITests.debug.xcconfig"; sourceTree = "<group>"; };
		4BCD3311DF097579104D4B0F /* Pods-comicsTests.debug.xcconfig */ = {isa = PBXFileReference; includeInIndex = 1; lastKnownFileType = text.xcconfig; name = "Pods-comicsTests.debug.xcconfig"; path = "Target Support Files/Pods-comicsTests/Pods-comicsTests.debug.xcconfig"; sourceTree = "<group>"; };
		5CD2E7FB280967AC77812948 /* Pods_comics_comicsUITests.framework */ = {isa = PBXFileReference; explicitFileType = wrapper.framework; includeInIndex = 0; path = Pods_comics_comicsUITests.framework; sourceTree = BUILT_PRODUCTS_DIR; };
		5EE9766970EA17197654CF01 /* Pods-comics-comicsUITests.release.xcconfig */ = {isa = PBXFileReference; includeInIndex = 1; lastKnownFileType = text.xcconfig; name = "Pods-comics-comicsUITests.release.xcconfig"; path = "Target Support Files/Pods-comics-comicsUITests/Pods-comics-comicsUITests.release.xcconfig"; sourceTree = "<group>"; };
		6A3C3C203A98790BCA64EB6B /* README.md */ = {isa = PBXFileReference; fileEncoding = 4; lastKnownFileType = net.daringfireball.markdown; path = README.md; sourceTree = "<group>"; };
		6A3C3DC670F4638FFA6A34CD /* ComicDetail.swift */ = {isa = PBXFileReference; fileEncoding = 4; lastKnownFileType = sourcecode.swift; path = ComicDetail.swift; sourceTree = "<group>"; };
		7F2AA853962074A6508AC403 /* Pods_comicsTests.framework */ = {isa = PBXFileReference; explicitFileType = wrapper.framework; includeInIndex = 0; path = Pods_comicsTests.framework; sourceTree = BUILT_PRODUCTS_DIR; };
		800C901C25D95CD30026280D /* VCComicDetail.swift */ = {isa = PBXFileReference; lastKnownFileType = sourcecode.swift; path = VCComicDetail.swift; sourceTree = "<group>"; };
		800C902C25D9D6290026280D /* ComicDetailInteractor.swift */ = {isa = PBXFileReference; lastKnownFileType = sourcecode.swift; path = ComicDetailInteractor.swift; sourceTree = "<group>"; };
		800C903125D9D6EF0026280D /* Comic.swift */ = {isa = PBXFileReference; lastKnownFileType = sourcecode.swift; path = Comic.swift; sourceTree = "<group>"; };
		8088F9A725D869270033A3F9 /* ComicService.swift */ = {isa = PBXFileReference; lastKnownFileType = sourcecode.swift; path = ComicService.swift; sourceTree = "<group>"; };
		80CB2DB625D7CF8800E66945 /* comics.app */ = {isa = PBXFileReference; explicitFileType = wrapper.application; includeInIndex = 0; path = comics.app; sourceTree = BUILT_PRODUCTS_DIR; };
		80CB2DB925D7CF8800E66945 /* AppDelegate.swift */ = {isa = PBXFileReference; lastKnownFileType = sourcecode.swift; path = AppDelegate.swift; sourceTree = "<group>"; };
		80CB2DBB25D7CF8800E66945 /* SceneDelegate.swift */ = {isa = PBXFileReference; lastKnownFileType = sourcecode.swift; path = SceneDelegate.swift; sourceTree = "<group>"; };
		80CB2DBD25D7CF8800E66945 /* VCComicSearch.swift */ = {isa = PBXFileReference; lastKnownFileType = sourcecode.swift; path = VCComicSearch.swift; sourceTree = "<group>"; };
		80CB2DC025D7CF8800E66945 /* Base */ = {isa = PBXFileReference; lastKnownFileType = file.storyboard; name = Base; path = Base.lproj/Main.storyboard; sourceTree = "<group>"; };
		80CB2DC225D7CF8A00E66945 /* Assets.xcassets */ = {isa = PBXFileReference; lastKnownFileType = folder.assetcatalog; path = Assets.xcassets; sourceTree = "<group>"; };
		80CB2DC525D7CF8A00E66945 /* Base */ = {isa = PBXFileReference; lastKnownFileType = file.storyboard; name = Base; path = Base.lproj/LaunchScreen.storyboard; sourceTree = "<group>"; };
		80CB2DC725D7CF8A00E66945 /* Info.plist */ = {isa = PBXFileReference; lastKnownFileType = text.plist.xml; path = Info.plist; sourceTree = "<group>"; };
		80CB2DCC25D7CF8A00E66945 /* comicsTests.xctest */ = {isa = PBXFileReference; explicitFileType = wrapper.cfbundle; includeInIndex = 0; path = comicsTests.xctest; sourceTree = BUILT_PRODUCTS_DIR; };
		80CB2DD025D7CF8A00E66945 /* comicsTests.swift */ = {isa = PBXFileReference; lastKnownFileType = sourcecode.swift; path = comicsTests.swift; sourceTree = "<group>"; };
		80CB2DD225D7CF8A00E66945 /* Info.plist */ = {isa = PBXFileReference; lastKnownFileType = text.plist.xml; path = Info.plist; sourceTree = "<group>"; };
		80CB2DD725D7CF8A00E66945 /* comicsUITests.xctest */ = {isa = PBXFileReference; explicitFileType = wrapper.cfbundle; includeInIndex = 0; path = comicsUITests.xctest; sourceTree = BUILT_PRODUCTS_DIR; };
		80CB2DDB25D7CF8A00E66945 /* comicsUITests.swift */ = {isa = PBXFileReference; lastKnownFileType = sourcecode.swift; path = comicsUITests.swift; sourceTree = "<group>"; };
		80CB2DDD25D7CF8A00E66945 /* Info.plist */ = {isa = PBXFileReference; lastKnownFileType = text.plist.xml; path = Info.plist; sourceTree = "<group>"; };
		AD3859EB920C98EE3557E5C1 /* Pods_comics.framework */ = {isa = PBXFileReference; explicitFileType = wrapper.framework; includeInIndex = 0; path = Pods_comics.framework; sourceTree = BUILT_PRODUCTS_DIR; };
		B6645FCD66D2766EBFD9DA51 /* Pods-comicsTests.release.xcconfig */ = {isa = PBXFileReference; includeInIndex = 1; lastKnownFileType = text.xcconfig; name = "Pods-comicsTests.release.xcconfig"; path = "Target Support Files/Pods-comicsTests/Pods-comicsTests.release.xcconfig"; sourceTree = "<group>"; };
		D99D70D5131AB7A2D32B6807 /* Pods-comics.release.xcconfig */ = {isa = PBXFileReference; includeInIndex = 1; lastKnownFileType = text.xcconfig; name = "Pods-comics.release.xcconfig"; path = "Target Support Files/Pods-comics/Pods-comics.release.xcconfig"; sourceTree = "<group>"; };
		F3C93A6A93A8C6F42277B434 /* Pods-comics.debug.xcconfig */ = {isa = PBXFileReference; includeInIndex = 1; lastKnownFileType = text.xcconfig; name = "Pods-comics.debug.xcconfig"; path = "Target Support Files/Pods-comics/Pods-comics.debug.xcconfig"; sourceTree = "<group>"; };
/* End PBXFileReference section */

/* Begin PBXFrameworksBuildPhase section */
		80CB2DB325D7CF8800E66945 /* Frameworks */ = {
			isa = PBXFrameworksBuildPhase;
			buildActionMask = 2147483647;
			files = (
				240056E7EBE105DEEE63DD5C /* Pods_comics.framework in Frameworks */,
			);
			runOnlyForDeploymentPostprocessing = 0;
		};
		80CB2DC925D7CF8A00E66945 /* Frameworks */ = {
			isa = PBXFrameworksBuildPhase;
			buildActionMask = 2147483647;
			files = (
				6AC4CE83E9B898E6CC717522 /* Pods_comicsTests.framework in Frameworks */,
			);
			runOnlyForDeploymentPostprocessing = 0;
		};
		80CB2DD425D7CF8A00E66945 /* Frameworks */ = {
			isa = PBXFrameworksBuildPhase;
			buildActionMask = 2147483647;
			files = (
				C0B3A8D0EFDB15218D6C536D /* Pods_comics_comicsUITests.framework in Frameworks */,
			);
			runOnlyForDeploymentPostprocessing = 0;
		};
/* End PBXFrameworksBuildPhase section */

/* Begin PBXGroup section */
		56BACBAB3122967D6BB82A4B /* Frameworks */ = {
			isa = PBXGroup;
			children = (
				AD3859EB920C98EE3557E5C1 /* Pods_comics.framework */,
				5CD2E7FB280967AC77812948 /* Pods_comics_comicsUITests.framework */,
				7F2AA853962074A6508AC403 /* Pods_comicsTests.framework */,
			);
			name = Frameworks;
			sourceTree = "<group>";
		};
		800C905C25D9F2910026280D /* ComicDetail */ = {
			isa = PBXGroup;
			children = (
				800C903125D9D6EF0026280D /* Comic.swift */,
				800C901C25D95CD30026280D /* VCComicDetail.swift */,
				800C902C25D9D6290026280D /* ComicDetailInteractor.swift */,
				6A3C3DC670F4638FFA6A34CD /* ComicDetail.swift */,
			);
			path = ComicDetail;
			sourceTree = "<group>";
		};
		800C906025D9F2D30026280D /* Networking */ = {
			isa = PBXGroup;
			children = (
				8088F9A725D869270033A3F9 /* ComicService.swift */,
			);
			path = Networking;
			sourceTree = "<group>";
		};
		800C906125D9F2EC0026280D /* ComicSearch */ = {
			isa = PBXGroup;
			children = (
				80CB2DBD25D7CF8800E66945 /* VCComicSearch.swift */,
			);
			path = ComicSearch;
			sourceTree = "<group>";
		};
		800C906525D9F2F90026280D /* Modules */ = {
			isa = PBXGroup;
			children = (
				800C906125D9F2EC0026280D /* ComicSearch */,
				800C905C25D9F2910026280D /* ComicDetail */,
			);
			path = Modules;
			sourceTree = "<group>";
		};
		800C906925D9F3140026280D /* Application */ = {
			isa = PBXGroup;
			children = (
				80CB2DB925D7CF8800E66945 /* AppDelegate.swift */,
				80CB2DBB25D7CF8800E66945 /* SceneDelegate.swift */,
			);
			path = Application;
			sourceTree = "<group>";
		};
		80CB2DAD25D7CF8800E66945 = {
			isa = PBXGroup;
			children = (
				80CB2DB825D7CF8800E66945 /* comics */,
				80CB2DCF25D7CF8A00E66945 /* comicsTests */,
				80CB2DDA25D7CF8A00E66945 /* comicsUITests */,
				80CB2DB725D7CF8800E66945 /* Products */,
				B2384AC5F3B035112C9D1F30 /* Pods */,
				56BACBAB3122967D6BB82A4B /* Frameworks */,
				6A3C3C203A98790BCA64EB6B /* README.md */,
			);
			sourceTree = "<group>";
		};
		80CB2DB725D7CF8800E66945 /* Products */ = {
			isa = PBXGroup;
			children = (
				80CB2DB625D7CF8800E66945 /* comics.app */,
				80CB2DCC25D7CF8A00E66945 /* comicsTests.xctest */,
				80CB2DD725D7CF8A00E66945 /* comicsUITests.xctest */,
			);
			name = Products;
			sourceTree = "<group>";
		};
		80CB2DB825D7CF8800E66945 /* comics */ = {
			isa = PBXGroup;
			children = (
				800C906925D9F3140026280D /* Application */,
				800C906525D9F2F90026280D /* Modules */,
				80CB2DBF25D7CF8800E66945 /* Main.storyboard */,
				80CB2DC225D7CF8A00E66945 /* Assets.xcassets */,
				80CB2DC425D7CF8A00E66945 /* LaunchScreen.storyboard */,
				80CB2DC725D7CF8A00E66945 /* Info.plist */,
				800C906025D9F2D30026280D /* Networking */,
			);
			path = comics;
			sourceTree = "<group>";
		};
		80CB2DCF25D7CF8A00E66945 /* comicsTests */ = {
			isa = PBXGroup;
			children = (
				80CB2DD025D7CF8A00E66945 /* comicsTests.swift */,
				80CB2DD225D7CF8A00E66945 /* Info.plist */,
			);
			path = comicsTests;
			sourceTree = "<group>";
		};
		80CB2DDA25D7CF8A00E66945 /* comicsUITests */ = {
			isa = PBXGroup;
			children = (
				80CB2DDB25D7CF8A00E66945 /* comicsUITests.swift */,
				80CB2DDD25D7CF8A00E66945 /* Info.plist */,
			);
			path = comicsUITests;
			sourceTree = "<group>";
		};
		B2384AC5F3B035112C9D1F30 /* Pods */ = {
			isa = PBXGroup;
			children = (
				F3C93A6A93A8C6F42277B434 /* Pods-comics.debug.xcconfig */,
				D99D70D5131AB7A2D32B6807 /* Pods-comics.release.xcconfig */,
				341E450BBE464987A70DD5C0 /* Pods-comics-comicsUITests.debug.xcconfig */,
				5EE9766970EA17197654CF01 /* Pods-comics-comicsUITests.release.xcconfig */,
				4BCD3311DF097579104D4B0F /* Pods-comicsTests.debug.xcconfig */,
				B6645FCD66D2766EBFD9DA51 /* Pods-comicsTests.release.xcconfig */,
			);
			path = Pods;
			sourceTree = "<group>";
		};
/* End PBXGroup section */

/* Begin PBXNativeTarget section */
		80CB2DB525D7CF8800E66945 /* comics */ = {
			isa = PBXNativeTarget;
			buildConfigurationList = 80CB2DE025D7CF8A00E66945 /* Build configuration list for PBXNativeTarget "comics" */;
			buildPhases = (
				E121A336EC22DE1943595D2F /* [CP] Check Pods Manifest.lock */,
				80CB2DB225D7CF8800E66945 /* Sources */,
				80CB2DB325D7CF8800E66945 /* Frameworks */,
				80CB2DB425D7CF8800E66945 /* Resources */,
				DF8A1D843483F33B1988B0A5 /* [CP] Embed Pods Frameworks */,
			);
			buildRules = (
			);
			dependencies = (
			);
			name = comics;
			productName = comics;
			productReference = 80CB2DB625D7CF8800E66945 /* comics.app */;
			productType = "com.apple.product-type.application";
		};
		80CB2DCB25D7CF8A00E66945 /* comicsTests */ = {
			isa = PBXNativeTarget;
			buildConfigurationList = 80CB2DE325D7CF8A00E66945 /* Build configuration list for PBXNativeTarget "comicsTests" */;
			buildPhases = (
				8F05DC72B514CB8B6F52E014 /* [CP] Check Pods Manifest.lock */,
				80CB2DC825D7CF8A00E66945 /* Sources */,
				80CB2DC925D7CF8A00E66945 /* Frameworks */,
				80CB2DCA25D7CF8A00E66945 /* Resources */,
			);
			buildRules = (
			);
			dependencies = (
				80CB2DCE25D7CF8A00E66945 /* PBXTargetDependency */,
			);
			name = comicsTests;
			productName = comicsTests;
			productReference = 80CB2DCC25D7CF8A00E66945 /* comicsTests.xctest */;
			productType = "com.apple.product-type.bundle.unit-test";
		};
		80CB2DD625D7CF8A00E66945 /* comicsUITests */ = {
			isa = PBXNativeTarget;
			buildConfigurationList = 80CB2DE625D7CF8A00E66945 /* Build configuration list for PBXNativeTarget "comicsUITests" */;
			buildPhases = (
				E5B61D0F898E09E2262FEA79 /* [CP] Check Pods Manifest.lock */,
				80CB2DD325D7CF8A00E66945 /* Sources */,
				80CB2DD425D7CF8A00E66945 /* Frameworks */,
				80CB2DD525D7CF8A00E66945 /* Resources */,
				038D2FF7DE3EFABF99B4D3A8 /* [CP] Embed Pods Frameworks */,
			);
			buildRules = (
			);
			dependencies = (
				80CB2DD925D7CF8A00E66945 /* PBXTargetDependency */,
			);
			name = comicsUITests;
			productName = comicsUITests;
			productReference = 80CB2DD725D7CF8A00E66945 /* comicsUITests.xctest */;
			productType = "com.apple.product-type.bundle.ui-testing";
		};
/* End PBXNativeTarget section */

/* Begin PBXProject section */
		80CB2DAE25D7CF8800E66945 /* Project object */ = {
			isa = PBXProject;
			attributes = {
				LastSwiftUpdateCheck = 1240;
				LastUpgradeCheck = 1240;
				TargetAttributes = {
					80CB2DB525D7CF8800E66945 = {
						CreatedOnToolsVersion = 12.4;
					};
					80CB2DCB25D7CF8A00E66945 = {
						CreatedOnToolsVersion = 12.4;
						TestTargetID = 80CB2DB525D7CF8800E66945;
					};
					80CB2DD625D7CF8A00E66945 = {
						CreatedOnToolsVersion = 12.4;
						TestTargetID = 80CB2DB525D7CF8800E66945;
					};
				};
			};
			buildConfigurationList = 80CB2DB125D7CF8800E66945 /* Build configuration list for PBXProject "comics" */;
			compatibilityVersion = "Xcode 9.3";
			developmentRegion = en;
			hasScannedForEncodings = 0;
			knownRegions = (
				en,
				Base,
			);
			mainGroup = 80CB2DAD25D7CF8800E66945;
			productRefGroup = 80CB2DB725D7CF8800E66945 /* Products */;
			projectDirPath = "";
			projectRoot = "";
			targets = (
				80CB2DB525D7CF8800E66945 /* comics */,
				80CB2DCB25D7CF8A00E66945 /* comicsTests */,
				80CB2DD625D7CF8A00E66945 /* comicsUITests */,
			);
		};
/* End PBXProject section */

/* Begin PBXResourcesBuildPhase section */
		80CB2DB425D7CF8800E66945 /* Resources */ = {
			isa = PBXResourcesBuildPhase;
			buildActionMask = 2147483647;
			files = (
				80CB2DC625D7CF8A00E66945 /* LaunchScreen.storyboard in Resources */,
				80CB2DC325D7CF8A00E66945 /* Assets.xcassets in Resources */,
				80CB2DC125D7CF8800E66945 /* Main.storyboard in Resources */,
			);
			runOnlyForDeploymentPostprocessing = 0;
		};
		80CB2DCA25D7CF8A00E66945 /* Resources */ = {
			isa = PBXResourcesBuildPhase;
			buildActionMask = 2147483647;
			files = (
			);
			runOnlyForDeploymentPostprocessing = 0;
		};
		80CB2DD525D7CF8A00E66945 /* Resources */ = {
			isa = PBXResourcesBuildPhase;
			buildActionMask = 2147483647;
			files = (
			);
			runOnlyForDeploymentPostprocessing = 0;
		};
/* End PBXResourcesBuildPhase section */

/* Begin PBXShellScriptBuildPhase section */
		038D2FF7DE3EFABF99B4D3A8 /* [CP] Embed Pods Frameworks */ = {
			isa = PBXShellScriptBuildPhase;
			buildActionMask = 2147483647;
			files = (
			);
			inputFileListPaths = (
				"${PODS_ROOT}/Target Support Files/Pods-comics-comicsUITests/Pods-comics-comicsUITests-frameworks-${CONFIGURATION}-input-files.xcfilelist",
			);
			name = "[CP] Embed Pods Frameworks";
			outputFileListPaths = (
				"${PODS_ROOT}/Target Support Files/Pods-comics-comicsUITests/Pods-comics-comicsUITests-frameworks-${CONFIGURATION}-output-files.xcfilelist",
			);
			runOnlyForDeploymentPostprocessing = 0;
			shellPath = /bin/sh;
			shellScript = "\"${PODS_ROOT}/Target Support Files/Pods-comics-comicsUITests/Pods-comics-comicsUITests-frameworks.sh\"\n";
			showEnvVarsInLog = 0;
		};
		8F05DC72B514CB8B6F52E014 /* [CP] Check Pods Manifest.lock */ = {
			isa = PBXShellScriptBuildPhase;
			buildActionMask = 2147483647;
			files = (
			);
			inputFileListPaths = (
			);
			inputPaths = (
				"${PODS_PODFILE_DIR_PATH}/Podfile.lock",
				"${PODS_ROOT}/Manifest.lock",
			);
			name = "[CP] Check Pods Manifest.lock";
			outputFileListPaths = (
			);
			outputPaths = (
				"$(DERIVED_FILE_DIR)/Pods-comicsTests-checkManifestLockResult.txt",
			);
			runOnlyForDeploymentPostprocessing = 0;
			shellPath = /bin/sh;
			shellScript = "diff \"${PODS_PODFILE_DIR_PATH}/Podfile.lock\" \"${PODS_ROOT}/Manifest.lock\" > /dev/null\nif [ $? != 0 ] ; then\n    # print error to STDERR\n    echo \"error: The sandbox is not in sync with the Podfile.lock. Run 'pod install' or update your CocoaPods installation.\" >&2\n    exit 1\nfi\n# This output is used by Xcode 'outputs' to avoid re-running this script phase.\necho \"SUCCESS\" > \"${SCRIPT_OUTPUT_FILE_0}\"\n";
			showEnvVarsInLog = 0;
		};
		DF8A1D843483F33B1988B0A5 /* [CP] Embed Pods Frameworks */ = {
			isa = PBXShellScriptBuildPhase;
			buildActionMask = 2147483647;
			files = (
			);
			inputFileListPaths = (
				"${PODS_ROOT}/Target Support Files/Pods-comics/Pods-comics-frameworks-${CONFIGURATION}-input-files.xcfilelist",
			);
			name = "[CP] Embed Pods Frameworks";
			outputFileListPaths = (
				"${PODS_ROOT}/Target Support Files/Pods-comics/Pods-comics-frameworks-${CONFIGURATION}-output-files.xcfilelist",
			);
			runOnlyForDeploymentPostprocessing = 0;
			shellPath = /bin/sh;
			shellScript = "\"${PODS_ROOT}/Target Support Files/Pods-comics/Pods-comics-frameworks.sh\"\n";
			showEnvVarsInLog = 0;
		};
		E121A336EC22DE1943595D2F /* [CP] Check Pods Manifest.lock */ = {
			isa = PBXShellScriptBuildPhase;
			buildActionMask = 2147483647;
			files = (
			);
			inputFileListPaths = (
			);
			inputPaths = (
				"${PODS_PODFILE_DIR_PATH}/Podfile.lock",
				"${PODS_ROOT}/Manifest.lock",
			);
			name = "[CP] Check Pods Manifest.lock";
			outputFileListPaths = (
			);
			outputPaths = (
				"$(DERIVED_FILE_DIR)/Pods-comics-checkManifestLockResult.txt",
			);
			runOnlyForDeploymentPostprocessing = 0;
			shellPath = /bin/sh;
			shellScript = "diff \"${PODS_PODFILE_DIR_PATH}/Podfile.lock\" \"${PODS_ROOT}/Manifest.lock\" > /dev/null\nif [ $? != 0 ] ; then\n    # print error to STDERR\n    echo \"error: The sandbox is not in sync with the Podfile.lock. Run 'pod install' or update your CocoaPods installation.\" >&2\n    exit 1\nfi\n# This output is used by Xcode 'outputs' to avoid re-running this script phase.\necho \"SUCCESS\" > \"${SCRIPT_OUTPUT_FILE_0}\"\n";
			showEnvVarsInLog = 0;
		};
		E5B61D0F898E09E2262FEA79 /* [CP] Check Pods Manifest.lock */ = {
			isa = PBXShellScriptBuildPhase;
			buildActionMask = 2147483647;
			files = (
			);
			inputFileListPaths = (
			);
			inputPaths = (
				"${PODS_PODFILE_DIR_PATH}/Podfile.lock",
				"${PODS_ROOT}/Manifest.lock",
			);
			name = "[CP] Check Pods Manifest.lock";
			outputFileListPaths = (
			);
			outputPaths = (
				"$(DERIVED_FILE_DIR)/Pods-comics-comicsUITests-checkManifestLockResult.txt",
			);
			runOnlyForDeploymentPostprocessing = 0;
			shellPath = /bin/sh;
			shellScript = "diff \"${PODS_PODFILE_DIR_PATH}/Podfile.lock\" \"${PODS_ROOT}/Manifest.lock\" > /dev/null\nif [ $? != 0 ] ; then\n    # print error to STDERR\n    echo \"error: The sandbox is not in sync with the Podfile.lock. Run 'pod install' or update your CocoaPods installation.\" >&2\n    exit 1\nfi\n# This output is used by Xcode 'outputs' to avoid re-running this script phase.\necho \"SUCCESS\" > \"${SCRIPT_OUTPUT_FILE_0}\"\n";
			showEnvVarsInLog = 0;
		};
/* End PBXShellScriptBuildPhase section */

/* Begin PBXSourcesBuildPhase section */
		80CB2DB225D7CF8800E66945 /* Sources */ = {
			isa = PBXSourcesBuildPhase;
			buildActionMask = 2147483647;
			files = (
				8088F9A825D869270033A3F9 /* ComicService.swift in Sources */,
				80CB2DBE25D7CF8800E66945 /* VCComicSearch.swift in Sources */,
				800C903225D9D6EF0026280D /* Comic.swift in Sources */,
				800C902D25D9D6290026280D /* ComicDetailInteractor.swift in Sources */,
				800C901D25D95CD30026280D /* VCComicDetail.swift in Sources */,
				80CB2DBA25D7CF8800E66945 /* AppDelegate.swift in Sources */,
				80CB2DBC25D7CF8800E66945 /* SceneDelegate.swift in Sources */,
				6A3C35E6F4BF75605BA52976 /* ComicDetail.swift in Sources */,
				6A3C3DA0BA29466D145883AD /* README.md in Sources */,
			);
			runOnlyForDeploymentPostprocessing = 0;
		};
		80CB2DC825D7CF8A00E66945 /* Sources */ = {
			isa = PBXSourcesBuildPhase;
			buildActionMask = 2147483647;
			files = (
				80CB2DD125D7CF8A00E66945 /* comicsTests.swift in Sources */,
			);
			runOnlyForDeploymentPostprocessing = 0;
		};
		80CB2DD325D7CF8A00E66945 /* Sources */ = {
			isa = PBXSourcesBuildPhase;
			buildActionMask = 2147483647;
			files = (
				80CB2DDC25D7CF8A00E66945 /* comicsUITests.swift in Sources */,
			);
			runOnlyForDeploymentPostprocessing = 0;
		};
/* End PBXSourcesBuildPhase section */

/* Begin PBXTargetDependency section */
		80CB2DCE25D7CF8A00E66945 /* PBXTargetDependency */ = {
			isa = PBXTargetDependency;
			target = 80CB2DB525D7CF8800E66945 /* comics */;
			targetProxy = 80CB2DCD25D7CF8A00E66945 /* PBXContainerItemProxy */;
		};
		80CB2DD925D7CF8A00E66945 /* PBXTargetDependency */ = {
			isa = PBXTargetDependency;
			target = 80CB2DB525D7CF8800E66945 /* comics */;
			targetProxy = 80CB2DD825D7CF8A00E66945 /* PBXContainerItemProxy */;
		};
/* End PBXTargetDependency section */

/* Begin PBXVariantGroup section */
		80CB2DBF25D7CF8800E66945 /* Main.storyboard */ = {
			isa = PBXVariantGroup;
			children = (
				80CB2DC025D7CF8800E66945 /* Base */,
			);
			name = Main.storyboard;
			sourceTree = "<group>";
		};
		80CB2DC425D7CF8A00E66945 /* LaunchScreen.storyboard */ = {
			isa = PBXVariantGroup;
			children = (
				80CB2DC525D7CF8A00E66945 /* Base */,
			);
			name = LaunchScreen.storyboard;
			sourceTree = "<group>";
		};
/* End PBXVariantGroup section */

/* Begin XCBuildConfiguration section */
		80CB2DDE25D7CF8A00E66945 /* Debug */ = {
			isa = XCBuildConfiguration;
			buildSettings = {
				ALWAYS_SEARCH_USER_PATHS = NO;
				CLANG_ANALYZER_NONNULL = YES;
				CLANG_ANALYZER_NUMBER_OBJECT_CONVERSION = YES_AGGRESSIVE;
				CLANG_CXX_LANGUAGE_STANDARD = "gnu++14";
				CLANG_CXX_LIBRARY = "libc++";
				CLANG_ENABLE_MODULES = YES;
				CLANG_ENABLE_OBJC_ARC = YES;
				CLANG_ENABLE_OBJC_WEAK = YES;
				CLANG_WARN_BLOCK_CAPTURE_AUTORELEASING = YES;
				CLANG_WARN_BOOL_CONVERSION = YES;
				CLANG_WARN_COMMA = YES;
				CLANG_WARN_CONSTANT_CONVERSION = YES;
				CLANG_WARN_DEPRECATED_OBJC_IMPLEMENTATIONS = YES;
				CLANG_WARN_DIRECT_OBJC_ISA_USAGE = YES_ERROR;
				CLANG_WARN_DOCUMENTATION_COMMENTS = YES;
				CLANG_WARN_EMPTY_BODY = YES;
				CLANG_WARN_ENUM_CONVERSION = YES;
				CLANG_WARN_INFINITE_RECURSION = YES;
				CLANG_WARN_INT_CONVERSION = YES;
				CLANG_WARN_NON_LITERAL_NULL_CONVERSION = YES;
				CLANG_WARN_OBJC_IMPLICIT_RETAIN_SELF = YES;
				CLANG_WARN_OBJC_LITERAL_CONVERSION = YES;
				CLANG_WARN_OBJC_ROOT_CLASS = YES_ERROR;
				CLANG_WARN_QUOTED_INCLUDE_IN_FRAMEWORK_HEADER = YES;
				CLANG_WARN_RANGE_LOOP_ANALYSIS = YES;
				CLANG_WARN_STRICT_PROTOTYPES = YES;
				CLANG_WARN_SUSPICIOUS_MOVE = YES;
				CLANG_WARN_UNGUARDED_AVAILABILITY = YES_AGGRESSIVE;
				CLANG_WARN_UNREACHABLE_CODE = YES;
				CLANG_WARN__DUPLICATE_METHOD_MATCH = YES;
				COPY_PHASE_STRIP = NO;
				DEBUG_INFORMATION_FORMAT = dwarf;
				ENABLE_STRICT_OBJC_MSGSEND = YES;
				ENABLE_TESTABILITY = YES;
				GCC_C_LANGUAGE_STANDARD = gnu11;
				GCC_DYNAMIC_NO_PIC = NO;
				GCC_NO_COMMON_BLOCKS = YES;
				GCC_OPTIMIZATION_LEVEL = 0;
				GCC_PREPROCESSOR_DEFINITIONS = (
					"DEBUG=1",
					"$(inherited)",
				);
				GCC_WARN_64_TO_32_BIT_CONVERSION = YES;
				GCC_WARN_ABOUT_RETURN_TYPE = YES_ERROR;
				GCC_WARN_UNDECLARED_SELECTOR = YES;
				GCC_WARN_UNINITIALIZED_AUTOS = YES_AGGRESSIVE;
				GCC_WARN_UNUSED_FUNCTION = YES;
				GCC_WARN_UNUSED_VARIABLE = YES;
				IPHONEOS_DEPLOYMENT_TARGET = 14.4;
				MTL_ENABLE_DEBUG_INFO = INCLUDE_SOURCE;
				MTL_FAST_MATH = YES;
				ONLY_ACTIVE_ARCH = YES;
				SDKROOT = iphoneos;
				SWIFT_ACTIVE_COMPILATION_CONDITIONS = DEBUG;
				SWIFT_OPTIMIZATION_LEVEL = "-Onone";
			};
			name = Debug;
		};
		80CB2DDF25D7CF8A00E66945 /* Release */ = {
			isa = XCBuildConfiguration;
			buildSettings = {
				ALWAYS_SEARCH_USER_PATHS = NO;
				CLANG_ANALYZER_NONNULL = YES;
				CLANG_ANALYZER_NUMBER_OBJECT_CONVERSION = YES_AGGRESSIVE;
				CLANG_CXX_LANGUAGE_STANDARD = "gnu++14";
				CLANG_CXX_LIBRARY = "libc++";
				CLANG_ENABLE_MODULES = YES;
				CLANG_ENABLE_OBJC_ARC = YES;
				CLANG_ENABLE_OBJC_WEAK = YES;
				CLANG_WARN_BLOCK_CAPTURE_AUTORELEASING = YES;
				CLANG_WARN_BOOL_CONVERSION = YES;
				CLANG_WARN_COMMA = YES;
				CLANG_WARN_CONSTANT_CONVERSION = YES;
				CLANG_WARN_DEPRECATED_OBJC_IMPLEMENTATIONS = YES;
				CLANG_WARN_DIRECT_OBJC_ISA_USAGE = YES_ERROR;
				CLANG_WARN_DOCUMENTATION_COMMENTS = YES;
				CLANG_WARN_EMPTY_BODY = YES;
				CLANG_WARN_ENUM_CONVERSION = YES;
				CLANG_WARN_INFINITE_RECURSION = YES;
				CLANG_WARN_INT_CONVERSION = YES;
				CLANG_WARN_NON_LITERAL_NULL_CONVERSION = YES;
				CLANG_WARN_OBJC_IMPLICIT_RETAIN_SELF = YES;
				CLANG_WARN_OBJC_LITERAL_CONVERSION = YES;
				CLANG_WARN_OBJC_ROOT_CLASS = YES_ERROR;
				CLANG_WARN_QUOTED_INCLUDE_IN_FRAMEWORK_HEADER = YES;
				CLANG_WARN_RANGE_LOOP_ANALYSIS = YES;
				CLANG_WARN_STRICT_PROTOTYPES = YES;
				CLANG_WARN_SUSPICIOUS_MOVE = YES;
				CLANG_WARN_UNGUARDED_AVAILABILITY = YES_AGGRESSIVE;
				CLANG_WARN_UNREACHABLE_CODE = YES;
				CLANG_WARN__DUPLICATE_METHOD_MATCH = YES;
				COPY_PHASE_STRIP = NO;
				DEBUG_INFORMATION_FORMAT = "dwarf-with-dsym";
				ENABLE_NS_ASSERTIONS = NO;
				ENABLE_STRICT_OBJC_MSGSEND = YES;
				GCC_C_LANGUAGE_STANDARD = gnu11;
				GCC_NO_COMMON_BLOCKS = YES;
				GCC_WARN_64_TO_32_BIT_CONVERSION = YES;
				GCC_WARN_ABOUT_RETURN_TYPE = YES_ERROR;
				GCC_WARN_UNDECLARED_SELECTOR = YES;
				GCC_WARN_UNINITIALIZED_AUTOS = YES_AGGRESSIVE;
				GCC_WARN_UNUSED_FUNCTION = YES;
				GCC_WARN_UNUSED_VARIABLE = YES;
				IPHONEOS_DEPLOYMENT_TARGET = 14.4;
				MTL_ENABLE_DEBUG_INFO = NO;
				MTL_FAST_MATH = YES;
				SDKROOT = iphoneos;
				SWIFT_COMPILATION_MODE = wholemodule;
				SWIFT_OPTIMIZATION_LEVEL = "-O";
				VALIDATE_PRODUCT = YES;
			};
			name = Release;
		};
		80CB2DE125D7CF8A00E66945 /* Debug */ = {
			isa = XCBuildConfiguration;
			baseConfigurationReference = F3C93A6A93A8C6F42277B434 /* Pods-comics.debug.xcconfig */;
			buildSettings = {
				ASSETCATALOG_COMPILER_APPICON_NAME = AppIcon;
				ASSETCATALOG_COMPILER_GLOBAL_ACCENT_COLOR_NAME = AccentColor;
				CODE_SIGN_STYLE = Automatic;
				INFOPLIST_FILE = comics/Info.plist;
				LD_RUNPATH_SEARCH_PATHS = (
					"$(inherited)",
					"@executable_path/Frameworks",
				);
				PRODUCT_BUNDLE_IDENTIFIER = com.umair.comics;
				PRODUCT_NAME = "$(TARGET_NAME)";
				SWIFT_VERSION = 5.0;
				TARGETED_DEVICE_FAMILY = "1,2";
			};
			name = Debug;
		};
		80CB2DE225D7CF8A00E66945 /* Release */ = {
			isa = XCBuildConfiguration;
			baseConfigurationReference = D99D70D5131AB7A2D32B6807 /* Pods-comics.release.xcconfig */;
			buildSettings = {
				ASSETCATALOG_COMPILER_APPICON_NAME = AppIcon;
				ASSETCATALOG_COMPILER_GLOBAL_ACCENT_COLOR_NAME = AccentColor;
				CODE_SIGN_STYLE = Automatic;
				INFOPLIST_FILE = comics/Info.plist;
				LD_RUNPATH_SEARCH_PATHS = (
					"$(inherited)",
					"@executable_path/Frameworks",
				);
				PRODUCT_BUNDLE_IDENTIFIER = com.umair.comics;
				PRODUCT_NAME = "$(TARGET_NAME)";
				SWIFT_VERSION = 5.0;
				TARGETED_DEVICE_FAMILY = "1,2";
			};
			name = Release;
		};
		80CB2DE425D7CF8A00E66945 /* Debug */ = {
			isa = XCBuildConfiguration;
			baseConfigurationReference = 4BCD3311DF097579104D4B0F /* Pods-comicsTests.debug.xcconfig */;
			buildSettings = {
				ALWAYS_EMBED_SWIFT_STANDARD_LIBRARIES = YES;
				BUNDLE_LOADER = "$(TEST_HOST)";
				CODE_SIGN_STYLE = Automatic;
				INFOPLIST_FILE = comicsTests/Info.plist;
				IPHONEOS_DEPLOYMENT_TARGET = 14.4;
				LD_RUNPATH_SEARCH_PATHS = (
					"$(inherited)",
					"@executable_path/Frameworks",
					"@loader_path/Frameworks",
				);
				PRODUCT_BUNDLE_IDENTIFIER = com.umair.comicsTests;
				PRODUCT_NAME = "$(TARGET_NAME)";
				SWIFT_VERSION = 5.0;
				TARGETED_DEVICE_FAMILY = "1,2";
				TEST_HOST = "$(BUILT_PRODUCTS_DIR)/comics.app/comics";
			};
			name = Debug;
		};
		80CB2DE525D7CF8A00E66945 /* Release */ = {
			isa = XCBuildConfiguration;
			baseConfigurationReference = B6645FCD66D2766EBFD9DA51 /* Pods-comicsTests.release.xcconfig */;
			buildSettings = {
				ALWAYS_EMBED_SWIFT_STANDARD_LIBRARIES = YES;
				BUNDLE_LOADER = "$(TEST_HOST)";
				CODE_SIGN_STYLE = Automatic;
				INFOPLIST_FILE = comicsTests/Info.plist;
				IPHONEOS_DEPLOYMENT_TARGET = 14.4;
				LD_RUNPATH_SEARCH_PATHS = (
					"$(inherited)",
					"@executable_path/Frameworks",
					"@loader_path/Frameworks",
				);
				PRODUCT_BUNDLE_IDENTIFIER = com.umair.comicsTests;
				PRODUCT_NAME = "$(TARGET_NAME)";
				SWIFT_VERSION = 5.0;
				TARGETED_DEVICE_FAMILY = "1,2";
				TEST_HOST = "$(BUILT_PRODUCTS_DIR)/comics.app/comics";
			};
			name = Release;
		};
		80CB2DE725D7CF8A00E66945 /* Debug */ = {
			isa = XCBuildConfiguration;
			baseConfigurationReference = 341E450BBE464987A70DD5C0 /* Pods-comics-comicsUITests.debug.xcconfig */;
			buildSettings = {
				ALWAYS_EMBED_SWIFT_STANDARD_LIBRARIES = YES;
				CODE_SIGN_STYLE = Automatic;
				INFOPLIST_FILE = comicsUITests/Info.plist;
				LD_RUNPATH_SEARCH_PATHS = (
					"$(inherited)",
					"@executable_path/Frameworks",
					"@loader_path/Frameworks",
				);
				PRODUCT_BUNDLE_IDENTIFIER = com.umair.comicsUITests;
				PRODUCT_NAME = "$(TARGET_NAME)";
				SWIFT_VERSION = 5.0;
				TARGETED_DEVICE_FAMILY = "1,2";
				TEST_TARGET_NAME = comics;
			};
			name = Debug;
		};
		80CB2DE825D7CF8A00E66945 /* Release */ = {
			isa = XCBuildConfiguration;
			baseConfigurationReference = 5EE9766970EA17197654CF01 /* Pods-comics-comicsUITests.release.xcconfig */;
			buildSettings = {
				ALWAYS_EMBED_SWIFT_STANDARD_LIBRARIES = YES;
				CODE_SIGN_STYLE = Automatic;
				INFOPLIST_FILE = comicsUITests/Info.plist;
				LD_RUNPATH_SEARCH_PATHS = (
					"$(inherited)",
					"@executable_path/Frameworks",
					"@loader_path/Frameworks",
				);
				PRODUCT_BUNDLE_IDENTIFIER = com.umair.comicsUITests;
				PRODUCT_NAME = "$(TARGET_NAME)";
				SWIFT_VERSION = 5.0;
				TARGETED_DEVICE_FAMILY = "1,2";
				TEST_TARGET_NAME = comics;
			};
			name = Release;
		};
/* End XCBuildConfiguration section */

/* Begin XCConfigurationList section */
		80CB2DB125D7CF8800E66945 /* Build configuration list for PBXProject "comics" */ = {
			isa = XCConfigurationList;
			buildConfigurations = (
				80CB2DDE25D7CF8A00E66945 /* Debug */,
				80CB2DDF25D7CF8A00E66945 /* Release */,
			);
			defaultConfigurationIsVisible = 0;
			defaultConfigurationName = Release;
		};
		80CB2DE025D7CF8A00E66945 /* Build configuration list for PBXNativeTarget "comics" */ = {
			isa = XCConfigurationList;
			buildConfigurations = (
				80CB2DE125D7CF8A00E66945 /* Debug */,
				80CB2DE225D7CF8A00E66945 /* Release */,
			);
			defaultConfigurationIsVisible = 0;
			defaultConfigurationName = Release;
		};
		80CB2DE325D7CF8A00E66945 /* Build configuration list for PBXNativeTarget "comicsTests" */ = {
			isa = XCConfigurationList;
			buildConfigurations = (
				80CB2DE425D7CF8A00E66945 /* Debug */,
				80CB2DE525D7CF8A00E66945 /* Release */,
			);
			defaultConfigurationIsVisible = 0;
			defaultConfigurationName = Release;
		};
		80CB2DE625D7CF8A00E66945 /* Build configuration list for PBXNativeTarget "comicsUITests" */ = {
			isa = XCConfigurationList;
			buildConfigurations = (
				80CB2DE725D7CF8A00E66945 /* Debug */,
				80CB2DE825D7CF8A00E66945 /* Release */,
			);
			defaultConfigurationIsVisible = 0;
			defaultConfigurationName = Release;
		};
/* End XCConfigurationList section */
	};
	rootObject = 80CB2DAE25D7CF8800E66945 /* Project object */;
}
